[[package]]
name = "asgiref"
version = "3.6.0"
description = "ASGI specs, helper code, and adapters"
category = "main"
optional = false
python-versions = ">=3.7"

[package.extras]
tests = ["pytest", "pytest-asyncio", "mypy (>=0.800)"]

[[package]]
name = "attrs"
version = "22.2.0"
description = "Classes Without Boilerplate"
category = "main"
optional = false
python-versions = ">=3.6"

[package.extras]
cov = ["attrs", "coverage-enable-subprocess", "coverage[toml] (>=5.3)"]
dev = ["attrs"]
docs = ["furo", "sphinx", "myst-parser", "zope.interface", "sphinx-notfound-page", "sphinxcontrib-towncrier", "towncrier"]
tests = ["attrs", "zope.interface"]
tests-no-zope = ["hypothesis", "pympler", "pytest (>=4.3.0)", "pytest-xdist", "cloudpickle", "mypy (>=0.971,<0.990)", "pytest-mypy-plugins"]
tests_no_zope = ["hypothesis", "pympler", "pytest (>=4.3.0)", "pytest-xdist", "cloudpickle", "mypy (>=0.971,<0.990)", "pytest-mypy-plugins"]

[[package]]
name = "black"
version = "22.12.0"
description = "The uncompromising code formatter."
category = "dev"
optional = false
python-versions = ">=3.7"

[package.dependencies]
click = ">=8.0.0"
mypy-extensions = ">=0.4.3"
pathspec = ">=0.9.0"
platformdirs = ">=2"
tomli = {version = ">=1.1.0", markers = "python_full_version < \"3.11.0a7\""}

[package.extras]
colorama = ["colorama (>=0.4.3)"]
d = ["aiohttp (>=3.7.4)"]
jupyter = ["ipython (>=7.8.0)", "tokenize-rt (>=3.2.0)"]
uvloop = ["uvloop (>=0.15.2)"]

[[package]]
name = "certifi"
version = "2022.12.7"
description = "Python package for providing Mozilla's CA Bundle."
category = "main"
optional = false
python-versions = ">=3.6"

[[package]]
name = "cffi"
version = "1.15.1"
description = "Foreign Function Interface for Python calling C code."
category = "main"
optional = false
python-versions = "*"

[package.dependencies]
pycparser = "*"

[[package]]
name = "charset-normalizer"
version = "2.1.1"
description = "The Real First Universal Charset Detector. Open, modern and actively maintained alternative to Chardet."
category = "main"
optional = false
python-versions = ">=3.6.0"

[package.extras]
unicode_backport = ["unicodedata2"]

[[package]]
name = "click"
version = "8.1.3"
description = "Composable command line interface toolkit"
category = "dev"
optional = false
python-versions = ">=3.7"

[package.dependencies]
colorama = {version = "*", markers = "platform_system == \"Windows\""}

[[package]]
name = "colorama"
version = "0.4.6"
description = "Cross-platform colored terminal text."
category = "dev"
optional = false
python-versions = "!=3.0.*,!=3.1.*,!=3.2.*,!=3.3.*,!=3.4.*,!=3.5.*,!=3.6.*,>=2.7"

[[package]]
name = "cryptography"
version = "38.0.4"
description = "cryptography is a package which provides cryptographic recipes and primitives to Python developers."
category = "main"
optional = false
python-versions = ">=3.6"

[package.dependencies]
cffi = ">=1.12"

[package.extras]
docs = ["sphinx (>=1.6.5,!=1.8.0,!=3.1.0,!=3.1.1)", "sphinx-rtd-theme"]
docstest = ["pyenchant (>=1.6.11)", "twine (>=1.12.0)", "sphinxcontrib-spelling (>=4.0.1)"]
pep8test = ["black", "flake8", "flake8-import-order", "pep8-naming"]
sdist = ["setuptools-rust (>=0.11.4)"]
ssh = ["bcrypt (>=3.1.5)"]
test = ["pytest (>=6.2.0)", "pytest-benchmark", "pytest-cov", "pytest-subtests", "pytest-xdist", "pretend", "iso8601", "pytz", "hypothesis (>=1.11.4,!=3.79.2)"]

[[package]]
name = "defusedxml"
version = "0.7.1"
description = "XML bomb protection for Python stdlib modules"
category = "main"
optional = false
python-versions = ">=2.7, !=3.0.*, !=3.1.*, !=3.2.*, !=3.3.*, !=3.4.*"

[[package]]
name = "dj-rest-auth"
version = "2.2.7"
description = "Authentication and Registration in Django Rest Framework"
category = "main"
optional = false
python-versions = ">=3.5"

[package.dependencies]
Django = ">=2.0"
djangorestframework = ">=3.7.0"

[package.extras]
with_social = ["django-allauth (>=0.40.0,<0.53.0)"]

[[package]]
name = "django"
version = "3.2.16"
description = "A high-level Python Web framework that encourages rapid development and clean, pragmatic design."
category = "main"
optional = false
python-versions = ">=3.6"

[package.dependencies]
asgiref = ">=3.3.2,<4"
pytz = "*"
sqlparse = ">=0.2.2"

[package.extras]
argon2 = ["argon2-cffi (>=19.1.0)"]
bcrypt = ["bcrypt"]

[[package]]
name = "django-allauth"
version = "0.52.0"
description = "Integrated set of Django applications addressing authentication, registration, account management as well as 3rd party (social) account authentication."
category = "main"
optional = false
python-versions = ">=3.5"

[package.dependencies]
Django = ">=2.0"
pyjwt = {version = ">=1.7", extras = ["crypto"]}
python3-openid = ">=3.0.8"
requests = "*"
requests-oauthlib = ">=0.3.0"

[[package]]
name = "django-cors-headers"
version = "3.13.0"
description = "django-cors-headers is a Django application for handling the server headers required for Cross-Origin Resource Sharing (CORS)."
category = "main"
optional = false
python-versions = ">=3.7"

[package.dependencies]
Django = ">=3.2"

[[package]]
name = "django-filter"
version = "22.1"
description = "Django-filter is a reusable Django application for allowing users to filter querysets dynamically."
category = "main"
optional = false
python-versions = ">=3.7"

[package.dependencies]
Django = ">=3.2"

[[package]]
name = "djangorestframework"
version = "3.14.0"
description = "Web APIs for Django, made easy."
category = "main"
optional = false
python-versions = ">=3.6"

[package.dependencies]
django = ">=3.0"
pytz = "*"

[[package]]
name = "djangorestframework-simplejwt"
version = "5.2.2"
description = "A minimal JSON Web Token authentication plugin for Django REST Framework"
category = "main"
optional = false
python-versions = ">=3.7"

[package.dependencies]
django = "*"
djangorestframework = "*"
pyjwt = ">=1.7.1,<3"

[package.extras]
crypto = ["cryptography (>=3.3.1)"]
dev = ["pytest-watch", "wheel", "twine", "ipython", "cryptography", "pytest-cov", "pytest-django", "pytest-xdist", "pytest", "tox", "flake8", "pep8", "isort", "Sphinx (>=1.6.5,<2)", "sphinx-rtd-theme (>=0.1.9)", "python-jose (==3.3.0)"]
doc = ["Sphinx (>=1.6.5,<2)", "sphinx-rtd-theme (>=0.1.9)"]
lint = ["flake8", "pep8", "isort"]
python-jose = ["python-jose (==3.3.0)"]
test = ["cryptography", "pytest-cov", "pytest-django", "pytest-xdist", "pytest", "tox"]

[[package]]
name = "drf-spectacular"
version = "0.25.1"
description = "Sane and flexible OpenAPI 3 schema generation for Django REST framework"
category = "main"
optional = false
python-versions = ">=3.6"

[package.dependencies]
Django = ">=2.2"
djangorestframework = ">=3.10.3"
inflection = ">=0.3.1"
jsonschema = ">=2.6.0"
PyYAML = ">=5.1"
uritemplate = ">=2.0.0"

[package.extras]
offline = ["drf-spectacular-sidecar"]
sidecar = ["drf-spectacular-sidecar"]

[[package]]
name = "environs"
version = "9.5.0"
description = "simplified environment variable parsing"
category = "main"
optional = false
python-versions = ">=3.6"

[package.dependencies]
marshmallow = ">=3.0.0"
python-dotenv = "*"

[package.extras]
tests = ["django-cache-url", "dj-email-url", "dj-database-url", "pytest"]
lint = ["pre-commit (>=2.4,<3.0)", "mypy (==0.910)", "flake8-bugbear (==21.9.2)", "flake8 (==4.0.1)"]
django = ["django-cache-url", "dj-email-url", "dj-database-url"]
dev = ["tox", "pre-commit (>=2.4,<3.0)", "mypy (==0.910)", "flake8-bugbear (==21.9.2)", "flake8 (==4.0.1)", "django-cache-url", "dj-email-url", "dj-database-url", "pytest"]

[[package]]
name = "flake8"
version = "6.0.0"
description = "the modular source code checker: pep8 pyflakes and co"
category = "dev"
optional = false
python-versions = ">=3.8.1"

[package.dependencies]
mccabe = ">=0.7.0,<0.8.0"
pycodestyle = ">=2.10.0,<2.11.0"
pyflakes = ">=3.0.0,<3.1.0"

[[package]]
name = "flake8-docstrings"
version = "1.6.0"
description = "Extension for flake8 which uses pydocstyle to check docstrings"
category = "dev"
optional = false
python-versions = "*"

[package.dependencies]
flake8 = ">=3"
pydocstyle = ">=2.1"

[[package]]
name = "flake8-plugin-utils"
version = "1.3.2"
description = "The package provides base classes and utils for flake8 plugin writing"
category = "dev"
optional = false
python-versions = ">=3.6,<4.0"

[[package]]
name = "flake8-return"
version = "1.2.0"
description = "Flake8 plugin that checks return values"
category = "dev"
optional = false
python-versions = ">=3.6,<4.0"

[package.dependencies]
flake8-plugin-utils = ">=1.0,<2.0"

[[package]]
name = "gunicorn"
version = "20.1.0"
description = "WSGI HTTP Server for UNIX"
category = "main"
optional = false
python-versions = ">=3.5"

[package.extras]
eventlet = ["eventlet (>=0.24.1)"]
gevent = ["gevent (>=1.4.0)"]
setproctitle = ["setproctitle"]
tornado = ["tornado (>=0.2)"]

[[package]]
name = "idna"
version = "3.4"
description = "Internationalized Domain Names in Applications (IDNA)"
category = "main"
optional = false
python-versions = ">=3.5"

[[package]]
name = "inflection"
version = "0.5.1"
description = "A port of Ruby on Rails inflector to Python"
category = "main"
optional = false
python-versions = ">=3.5"

[[package]]
name = "isort"
version = "5.11.4"
description = "A Python utility / library to sort Python imports."
category = "dev"
optional = false
python-versions = ">=3.7.0"

[package.extras]
colors = ["colorama (>=0.4.3,<0.5.0)"]
requirements-deprecated-finder = ["pip-api", "pipreqs"]
pipfile-deprecated-finder = ["pipreqs", "requirementslib"]
plugins = ["setuptools"]

[[package]]
name = "jsonschema"
version = "4.17.3"
description = "An implementation of JSON Schema validation for Python"
category = "main"
optional = false
python-versions = ">=3.7"

[package.dependencies]
attrs = ">=17.4.0"
pyrsistent = ">=0.14.0,<0.17.0 || >0.17.0,<0.17.1 || >0.17.1,<0.17.2 || >0.17.2"

[package.extras]
format = ["fqdn", "idna", "isoduration", "jsonpointer (>1.13)", "rfc3339-validator", "rfc3987", "uri-template", "webcolors (>=1.11)"]
format-nongpl = ["fqdn", "idna", "isoduration", "jsonpointer (>1.13)", "rfc3339-validator", "rfc3986-validator (>0.1.0)", "uri-template", "webcolors (>=1.11)"]

[[package]]
name = "marshmallow"
version = "3.19.0"
description = "A lightweight library for converting complex datatypes to and from native Python datatypes."
category = "main"
optional = false
python-versions = ">=3.7"

[package.dependencies]
packaging = ">=17.0"

[package.extras]
dev = ["pytest", "pytz", "simplejson", "mypy (==0.990)", "flake8 (==5.0.4)", "flake8-bugbear (==22.10.25)", "pre-commit (>=2.4,<3.0)", "tox"]
docs = ["sphinx (==5.3.0)", "sphinx-issues (==3.0.1)", "alabaster (==0.7.12)", "sphinx-version-warning (==1.1.2)", "autodocsumm (==0.2.9)"]
lint = ["mypy (==0.990)", "flake8 (==5.0.4)", "flake8-bugbear (==22.10.25)", "pre-commit (>=2.4,<3.0)"]
tests = ["pytest", "pytz", "simplejson"]

[[package]]
name = "mccabe"
version = "0.7.0"
description = "McCabe checker, plugin for flake8"
category = "dev"
optional = false
python-versions = ">=3.6"

[[package]]
name = "mypy-extensions"
version = "0.4.3"
description = "Experimental type system extensions for programs checked with the mypy typechecker."
category = "dev"
optional = false
python-versions = "*"

[[package]]
name = "oauthlib"
version = "3.2.2"
description = "A generic, spec-compliant, thorough implementation of the OAuth request-signing logic"
category = "main"
optional = false
python-versions = ">=3.6"

[package.extras]
rsa = ["cryptography (>=3.0.0)"]
signals = ["blinker (>=1.4.0)"]
signedtoken = ["cryptography (>=3.0.0)", "pyjwt (>=2.0.0,<3)"]

[[package]]
name = "packaging"
version = "22.0"
description = "Core utilities for Python packages"
category = "main"
optional = false
python-versions = ">=3.7"

[[package]]
name = "pathspec"
version = "0.10.3"
description = "Utility library for gitignore style pattern matching of file paths."
category = "dev"
optional = false
python-versions = ">=3.7"

[[package]]
name = "platformdirs"
version = "2.6.0"
description = "A small Python package for determining appropriate platform-specific dirs, e.g. a \"user data dir\"."
category = "dev"
optional = false
python-versions = ">=3.7"

[package.extras]
docs = ["furo (>=2022.9.29)", "proselint (>=0.13)", "sphinx-autodoc-typehints (>=1.19.4)", "sphinx (>=5.3)"]
test = ["appdirs (==1.4.4)", "pytest-cov (>=4)", "pytest-mock (>=3.10)", "pytest (>=7.2)"]

[[package]]
name = "psycopg2-binary"
version = "2.9.5"
description = "psycopg2 - Python-PostgreSQL Database Adapter"
category = "main"
optional = false
python-versions = ">=3.6"

[[package]]
name = "pycodestyle"
version = "2.10.0"
description = "Python style guide checker"
category = "dev"
optional = false
python-versions = ">=3.6"

[[package]]
name = "pycparser"
version = "2.21"
description = "C parser in Python"
category = "main"
optional = false
python-versions = ">=2.7, !=3.0.*, !=3.1.*, !=3.2.*, !=3.3.*"

[[package]]
name = "pydocstyle"
version = "6.1.1"
description = "Python docstring style checker"
category = "dev"
optional = false
python-versions = ">=3.6"

[package.dependencies]
snowballstemmer = "*"

[package.extras]
toml = ["toml"]

[[package]]
name = "pyflakes"
version = "3.0.1"
description = "passive checker of Python programs"
category = "dev"
optional = false
python-versions = ">=3.6"

[[package]]
name = "pyjwt"
version = "2.6.0"
description = "JSON Web Token implementation in Python"
category = "main"
optional = false
python-versions = ">=3.7"

[package.dependencies]
cryptography = {version = ">=3.4.0", optional = true, markers = "extra == \"crypto\""}

[package.extras]
crypto = ["cryptography (>=3.4.0)"]
dev = ["sphinx (>=4.5.0,<5.0.0)", "sphinx-rtd-theme", "zope.interface", "cryptography (>=3.4.0)", "pytest (>=6.0.0,<7.0.0)", "coverage[toml] (==5.0.4)", "pre-commit"]
docs = ["sphinx (>=4.5.0,<5.0.0)", "sphinx-rtd-theme", "zope.interface"]
tests = ["pytest (>=6.0.0,<7.0.0)", "coverage[toml] (==5.0.4)"]

[[package]]
name = "pyrsistent"
version = "0.19.3"
description = "Persistent/Functional/Immutable data structures"
category = "main"
optional = false
python-versions = ">=3.7"

[[package]]
name = "python-dotenv"
version = "0.21.0"
description = "Read key-value pairs from a .env file and set them as environment variables"
category = "main"
optional = false
python-versions = ">=3.7"

[package.extras]
cli = ["click (>=5.0)"]

[[package]]
name = "python3-openid"
version = "3.2.0"
description = "OpenID support for modern servers and consumers."
category = "main"
optional = false
python-versions = "*"

[package.dependencies]
defusedxml = "*"

[package.extras]
mysql = ["mysql-connector-python"]
postgresql = ["psycopg2"]

[[package]]
name = "pytz"
version = "2022.7"
description = "World timezone definitions, modern and historical"
category = "main"
optional = false
python-versions = "*"

[[package]]
name = "pyyaml"
version = "6.0"
description = "YAML parser and emitter for Python"
category = "main"
optional = false
python-versions = ">=3.6"

[[package]]
name = "requests"
version = "2.28.1"
description = "Python HTTP for Humans."
category = "main"
optional = false
python-versions = ">=3.7, <4"

[package.dependencies]
certifi = ">=2017.4.17"
charset-normalizer = ">=2,<3"
idna = ">=2.5,<4"
urllib3 = ">=1.21.1,<1.27"

[package.extras]
socks = ["PySocks (>=1.5.6,!=1.5.7)"]
use_chardet_on_py3 = ["chardet (>=3.0.2,<6)"]

[[package]]
name = "requests-oauthlib"
version = "1.3.1"
description = "OAuthlib authentication support for Requests."
category = "main"
optional = false
python-versions = ">=2.7, !=3.0.*, !=3.1.*, !=3.2.*, !=3.3.*"

[package.dependencies]
oauthlib = ">=3.0.0"
requests = ">=2.0.0"

[package.extras]
rsa = ["oauthlib[signedtoken] (>=3.0.0)"]

[[package]]
name = "snowballstemmer"
version = "2.2.0"
description = "This package provides 29 stemmers for 28 languages generated from Snowball algorithms."
category = "dev"
optional = false
python-versions = "*"

[[package]]
name = "sqlparse"
version = "0.4.3"
description = "A non-validating SQL parser."
category = "main"
optional = false
python-versions = ">=3.5"

[[package]]
name = "tomli"
version = "2.0.1"
description = "A lil' TOML parser"
category = "dev"
optional = false
python-versions = ">=3.7"

[[package]]
name = "uritemplate"
version = "4.1.1"
description = "Implementation of RFC 6570 URI Templates"
category = "main"
optional = false
python-versions = ">=3.6"

[[package]]
name = "urllib3"
version = "1.26.13"
description = "HTTP library with thread-safe connection pooling, file post, and more."
category = "main"
optional = false
python-versions = ">=2.7, !=3.0.*, !=3.1.*, !=3.2.*, !=3.3.*, !=3.4.*, !=3.5.*"

[package.extras]
brotli = ["brotlicffi (>=0.8.0)", "brotli (>=1.0.9)", "brotlipy (>=0.6.0)"]
secure = ["pyOpenSSL (>=0.14)", "cryptography (>=1.3.4)", "idna (>=2.0.0)", "certifi", "urllib3-secure-extra", "ipaddress"]
socks = ["PySocks (>=1.5.6,!=1.5.7,<2.0)"]

[metadata]
lock-version = "1.1"
python-versions = "^3.10.5"
content-hash = "bbb82457c5f8d119b6ca0645cc5eb38245437c53474a155db3c2b83223abf97e"

[metadata.files]
asgiref = []
attrs = []
black = []
certifi = []
cffi = []
charset-normalizer = []
click = []
colorama = []
cryptography = []
defusedxml = []
dj-rest-auth = []
django = []
django-allauth = []
django-cors-headers = []
django-filter = []
djangorestframework = []
djangorestframework-simplejwt = []
drf-spectacular = []
environs = []
flake8 = []
flake8-docstrings = []
flake8-plugin-utils = []
flake8-return = []
gunicorn = []
idna = []
inflection = []
isort = []
jsonschema = []
marshmallow = []
mccabe = []
mypy-extensions = []
oauthlib = []
packaging = []
pathspec = []
platformdirs = []
psycopg2-binary = []
pycodestyle = []
pycparser = []
pydocstyle = []
pyflakes = []
pyjwt = []
pyrsistent = []
python-dotenv = []
python3-openid = []
pytz = []
pyyaml = []
requests = []
requests-oauthlib = []
snowballstemmer = []
sqlparse = []
tomli = []
uritemplate = []
urllib3 = []
